// !$*UTF8*$!
{
	archiveVersion = 1;
	classes = {
	};
	objectVersion = 55;
	objects = {

/* Begin PBXBuildFile section */
		00765AF769A765F01285C756 /* BLEDevice.swift in Sources */ = {isa = PBXBuildFile; fileRef = 92F4AD53C1D9AF747A125E0C /* BLEDevice.swift */; };
		0166F325B263B4789DCC01EA /* AppConfig.swift in Sources */ = {isa = PBXBuildFile; fileRef = 8A94C38D6A9F09F7FB7C4498 /* AppConfig.swift */; };
		04AB447F67DD128BF482FC2B /* ScreenTimeContexts.swift in Sources */ = {isa = PBXBuildFile; fileRef = 9AE1F6D0F377D42EB3893655 /* ScreenTimeContexts.swift */; };
		08CB6F1F343053A20CC8B0EB /* TuistAssets+RitualCompanion.swift in Sources */ = {isa = PBXBuildFile; fileRef = F2AA7EAB703C07E2738DEFE4 /* TuistAssets+RitualCompanion.swift */; };
		0BBAA91186A691B5F90F9B9A /* HabitMappingStore.swift in Sources */ = {isa = PBXBuildFile; fileRef = 331DA15E38DA7AD3AA40C98A /* HabitMappingStore.swift */; };
		0ED81CA69B299571B4CBF54C /* StatusCard.swift in Sources */ = {isa = PBXBuildFile; fileRef = 74E4D8229429850BF8B91FB4 /* StatusCard.swift */; };
		10585AD31D05685FCC500AE2 /* ContentView.swift in Sources */ = {isa = PBXBuildFile; fileRef = 9B85CAB6C5F6F0FA437A5998 /* ContentView.swift */; };
		15BCAF0E065CAA9BC620147E /* BiometricsSyncService.swift in Sources */ = {isa = PBXBuildFile; fileRef = 889E6C394079DDFA9201011C /* BiometricsSyncService.swift */; };
		210BD4D8B9211661A43D2AFA /* LocalExportManager.swift in Sources */ = {isa = PBXBuildFile; fileRef = 65584B0FB0BEA8C9B4F5D591 /* LocalExportManager.swift */; };
		22A29727DF8C48FDB093475C /* HabitMapping.swift in Sources */ = {isa = PBXBuildFile; fileRef = DE1AF4769467834D6C61A6DD /* HabitMapping.swift */; };
		26AA41D23B4C8ACA46C25D69 /* BLEHeartRateParser.swift in Sources */ = {isa = PBXBuildFile; fileRef = 171C169FA35F85FC7ADA04D9 /* BLEHeartRateParser.swift */; };
		2D20E7C64245A17F77BEBAF2 /* DailyTotalReport.swift in Sources */ = {isa = PBXBuildFile; fileRef = A326D7DACE528D4C2EB7080A /* DailyTotalReport.swift */; };
		2F8FE9690DEA7AE8CDFB881F /* LocalExportManagerTests.swift in Sources */ = {isa = PBXBuildFile; fileRef = C52426DADBCAA588D41D9303 /* LocalExportManagerTests.swift */; };
		31A827645C61DDEB024F974C /* FocusSelectionReport.swift in Sources */ = {isa = PBXBuildFile; fileRef = 8C248FC038D89F31B8834478 /* FocusSelectionReport.swift */; };
		3523A2DF8211D981D40694CB /* ScreenTimeReportModels.swift in Sources */ = {isa = PBXBuildFile; fileRef = 346F9A48EB41862659B45C50 /* ScreenTimeReportModels.swift */; };
		39AB3EB76D3A954E77561AC3 /* AnchorStorage.swift in Sources */ = {isa = PBXBuildFile; fileRef = 7E8F1323007A298B2EEAC412 /* AnchorStorage.swift */; };
		42D9D6AFB79B688346CA08AA /* HabitMappingEditorView.swift in Sources */ = {isa = PBXBuildFile; fileRef = 45C26FBE3B38077930CE8964 /* HabitMappingEditorView.swift */; };
		4526AC72B4820F8DA68C4570 /* ScreenTimeStatusCard.swift in Sources */ = {isa = PBXBuildFile; fileRef = E9F5DE30D5BD26D5C8EBD75D /* ScreenTimeStatusCard.swift */; };
		49E248619B80EB0DA21454F9 /* HabitMappingStoreTests.swift in Sources */ = {isa = PBXBuildFile; fileRef = 96367BEC75CDC9B16DDDB8AF /* HabitMappingStoreTests.swift */; };
		4B58BF0ED7798AF180EF43B4 /* TuistBundle+RitualCompanion.swift in Sources */ = {isa = PBXBuildFile; fileRef = 900A21C0CC5F0F56A663D35C /* TuistBundle+RitualCompanion.swift */; };
		534EF1F0E6C08A8D64021BE8 /* Assets.xcassets in Resources */ = {isa = PBXBuildFile; fileRef = A4460558012097894E301FA6 /* Assets.xcassets */; };
		5C0B8E15AA07AA73906DF09F /* ScreenTimeSelectionCard.swift in Sources */ = {isa = PBXBuildFile; fileRef = 87A2B06D409DF895C7CE9033 /* ScreenTimeSelectionCard.swift */; };
		76C6EAC74989CC46482026A5 /* ScreenTimeSyncManager.swift in Sources */ = {isa = PBXBuildFile; fileRef = 5959D5FAD3E035C065983982 /* ScreenTimeSyncManager.swift */; };
		7D0E5934DBE01E15B0812322 /* ScreenTimeManager.swift in Sources */ = {isa = PBXBuildFile; fileRef = DF7B43980E3E47C32AD8CAE3 /* ScreenTimeManager.swift */; };
		7E86B0E4D2B19B9D736801BC /* ConnectView.swift in Sources */ = {isa = PBXBuildFile; fileRef = 2A57E238B67EA0BEA6D83131 /* ConnectView.swift */; };
		80D4D1A845106BC8FE815B1C /* WhoopConnectView.swift in Sources */ = {isa = PBXBuildFile; fileRef = B54D2F5C648437AF926BAD1D /* WhoopConnectView.swift */; };
		831330EC2DCD9D07F0A50647 /* ExportDestinationStore.swift in Sources */ = {isa = PBXBuildFile; fileRef = 3A3C8403B70312EF3D7C5815 /* ExportDestinationStore.swift */; };
		850687E2AED981E54C577D17 /* MarkdownExporter.swift in Sources */ = {isa = PBXBuildFile; fileRef = 9D2935FC3D64BDA5B1FA5C07 /* MarkdownExporter.swift */; };
		879619240373A8AFB7603B48 /* BiometricsUploadQueue.swift in Sources */ = {isa = PBXBuildFile; fileRef = 4F5782D9D391771469B2E67D /* BiometricsUploadQueue.swift */; };
		8852AFFB6A11EE6E1118D3BC /* ScreenTimeReportExtension.swift in Sources */ = {isa = PBXBuildFile; fileRef = 867B0C4FE07A40DDDDA05D45 /* ScreenTimeReportExtension.swift */; };
		8A4CC7782613BFA71A4AF765 /* LocalExportModels.swift in Sources */ = {isa = PBXBuildFile; fileRef = 9B2AB31181EAEB1A5F455C80 /* LocalExportModels.swift */; };
		8BB5E8890F64DA1DA0010DC1 /* HabitMappingResolverTests.swift in Sources */ = {isa = PBXBuildFile; fileRef = D415312C15325BB2CF548937 /* HabitMappingResolverTests.swift */; };
		8D10BA196D80EBEE02405CB7 /* PermissionsView.swift in Sources */ = {isa = PBXBuildFile; fileRef = 53DA50B04943907060448DFF /* PermissionsView.swift */; };
		9B7507788651710947EFEAEC /* HabitMappingResolver.swift in Sources */ = {isa = PBXBuildFile; fileRef = 60D808B126730EA2507649D9 /* HabitMappingResolver.swift */; };
		A55B7639005BE0D49ED5D14E /* BLERestorationCoordinator.swift in Sources */ = {isa = PBXBuildFile; fileRef = B57EA1C2EF0854ECCCC26858 /* BLERestorationCoordinator.swift */; };
		A5C77E5AB43287BDEBE26DDF /* StatusView.swift in Sources */ = {isa = PBXBuildFile; fileRef = 1741C77C405F908BA6C2BCC3 /* StatusView.swift */; };
		A612F87AE5E282CF7428413E /* ScreenTimeView.swift in Sources */ = {isa = PBXBuildFile; fileRef = 1C0FCE4592D7860B73553F0B /* ScreenTimeView.swift */; };
		A6B0ED1438509B93E043895C /* RitualScreenTimeShared.framework in Embed Frameworks */ = {isa = PBXBuildFile; fileRef = C234661BB134853DCBE541B3 /* RitualScreenTimeShared.framework */; settings = {ATTRIBUTES = (CodeSignOnCopy, RemoveHeadersOnCopy, ); }; };
		AE55F94BDD7F8102E95DDB83 /* ScreenTimeSnapshot.swift in Sources */ = {isa = PBXBuildFile; fileRef = 86EF155B9BF0E2167EFA3D36 /* ScreenTimeSnapshot.swift */; };
		AF1DE4BECF23E098D8C4A53E /* WhoopBroadcastService.swift in Sources */ = {isa = PBXBuildFile; fileRef = 288CA0FD677B9211B801ADE6 /* WhoopBroadcastService.swift */; };
		AF65CAB72369B51D6943421F /* Clerk in Frameworks */ = {isa = PBXBuildFile; productRef = 86E70812549362DEB89C713C /* Clerk */; };
		B0C41CD6048C7E237921659A /* AppState.swift in Sources */ = {isa = PBXBuildFile; fileRef = E6EDDEAADF641B87AE9F6F98 /* AppState.swift */; };
		B2BE48AE3AAD92C6471F58C5 /* RitualScreenTimeShared.framework in Frameworks */ = {isa = PBXBuildFile; fileRef = C234661BB134853DCBE541B3 /* RitualScreenTimeShared.framework */; };
		B5CC21BAEA0A267B152D413B /* ScreenTimeSharedStore.swift in Sources */ = {isa = PBXBuildFile; fileRef = F7B875B748F12703760523BE /* ScreenTimeSharedStore.swift */; };
		B714240F19604E247ECA31F8 /* HeartRateBiometrics.swift in Sources */ = {isa = PBXBuildFile; fileRef = 7684EC5BD030E45458E6EC8B /* HeartRateBiometrics.swift */; };
		B8BB567982B89441F20CC495 /* BiometricsLocalStore.swift in Sources */ = {isa = PBXBuildFile; fileRef = 6260A7C6150515A1745EC60B /* BiometricsLocalStore.swift */; };
		B94A8CE3B1FF6F1292423070 /* MarkdownExporterTests.swift in Sources */ = {isa = PBXBuildFile; fileRef = 70003735978CA53E78A71BF3 /* MarkdownExporterTests.swift */; };
		BF0DDE163AED7BB73EBFF00A /* LocalExportHistoryStoreTests.swift in Sources */ = {isa = PBXBuildFile; fileRef = A32FE695D7B5296906618A77 /* LocalExportHistoryStoreTests.swift */; };
		C84C3305B73C7EE1D49D7D87 /* RitualAPIClient.swift in Sources */ = {isa = PBXBuildFile; fileRef = 55A7812D68BCCD6D8AE808B4 /* RitualAPIClient.swift */; };
		C89D361628116D80350D651F /* BackgroundSyncManagerV2.swift in Sources */ = {isa = PBXBuildFile; fileRef = B45947887D2B1447F7269E0F /* BackgroundSyncManagerV2.swift */; };
		CA5B9D9881E770A77DBCB59E /* FilenameTemplate.swift in Sources */ = {isa = PBXBuildFile; fileRef = FAE65512E3425AE5935753AA /* FilenameTemplate.swift */; };
		CB54341A408CA8A2F5752031 /* RitualScreenTimeShared.framework in Frameworks */ = {isa = PBXBuildFile; fileRef = C234661BB134853DCBE541B3 /* RitualScreenTimeShared.framework */; };
		CD5EA7E5CFD7D13D0D091B83 /* HabitMappingListView.swift in Sources */ = {isa = PBXBuildFile; fileRef = BD3DC6E3DBC4DEA6505746B2 /* HabitMappingListView.swift */; };
		CF2ED8AB67DB6395A2A7BE95 /* HealthKitManagerV2.swift in Sources */ = {isa = PBXBuildFile; fileRef = F243BA15F799B3B6E8786BF4 /* HealthKitManagerV2.swift */; };
		D2084AF2C75A38D2EA2DB475 /* BLEPermissionState.swift in Sources */ = {isa = PBXBuildFile; fileRef = A70CC74C0F075A70FF36FED1 /* BLEPermissionState.swift */; };
		D73B96625C7DD704123583DA /* PrivacyInfo.xcprivacy in Resources */ = {isa = PBXBuildFile; fileRef = 92D8EBAAC3C5E98D045AEB04 /* PrivacyInfo.xcprivacy */; };
		DE1BF59397213D2A40DF6FC1 /* NormalizedMetric.swift in Sources */ = {isa = PBXBuildFile; fileRef = 3CA24C4E982268B508DDCA3B /* NormalizedMetric.swift */; };
		E05673DB0F31089F154208C9 /* OfflineSyncQueue.swift in Sources */ = {isa = PBXBuildFile; fileRef = 5786C60FEFCA15EBA8EE4973 /* OfflineSyncQueue.swift */; };
		E0D70D8ADF2BF7BD24F3B51D /* FilenameTemplateTests.swift in Sources */ = {isa = PBXBuildFile; fileRef = 2C56C74B7E232D6E54F735A7 /* FilenameTemplateTests.swift */; };
		E3408D80686E7E98A8C46747 /* WhoopDeviceHeuristics.swift in Sources */ = {isa = PBXBuildFile; fileRef = FD5611640C1740032E8E0EEB /* WhoopDeviceHeuristics.swift */; };
		E82B883F12AB4FB41EDA9A40 /* RitualCompanionApp.swift in Sources */ = {isa = PBXBuildFile; fileRef = 331267A4741B767C6156924B /* RitualCompanionApp.swift */; };
		E894985FCF0B11105DABC5D4 /* SourceStatusCard.swift in Sources */ = {isa = PBXBuildFile; fileRef = 8F570F54536DD9BF51461F72 /* SourceStatusCard.swift */; };
		EC97CEDF62A8D48DE115A431 /* LocalExportHistoryStore.swift in Sources */ = {isa = PBXBuildFile; fileRef = 7A9FDEFC8AB90A51E7A3B6EA /* LocalExportHistoryStore.swift */; };
		ED3D427952E264FE892CE394 /* NotificationManager.swift in Sources */ = {isa = PBXBuildFile; fileRef = 34C9D27D3B41E8AE52B77267 /* NotificationManager.swift */; };
		ED563A10AC36E49790EC9D82 /* BiometricsFeatureFlags.swift in Sources */ = {isa = PBXBuildFile; fileRef = 80241D4B55982304269D4BBC /* BiometricsFeatureFlags.swift */; };
		EE6236C7F349690B66FE30C4 /* APIModels.swift in Sources */ = {isa = PBXBuildFile; fileRef = AFCBF61B7805AA46DC7C8B69 /* APIModels.swift */; };
		F8CFFAA21413D9E7A3B686BF /* BLEManager.swift in Sources */ = {isa = PBXBuildFile; fileRef = E1A372E1AB880BB65A4FD278 /* BLEManager.swift */; };
		FF1187387F3DE3517EBFF885 /* RitualScreenTimeReportExtension.appex in Embed Foundation Extensions */ = {isa = PBXBuildFile; fileRef = 7F3EC096CB777148B9BA30C2 /* RitualScreenTimeReportExtension.appex */; settings = {ATTRIBUTES = (RemoveHeadersOnCopy, ); }; };
/* End PBXBuildFile section */

/* Begin PBXContainerItemProxy section */
		132FD33A6656A864ED0B5282 /* PBXContainerItemProxy */ = {
			isa = PBXContainerItemProxy;
			containerPortal = DE141121784F535662CB10AC /* Project object */;
			proxyType = 1;
			remoteGlobalIDString = B7BEEE322C1DD2797BA8B582;
			remoteInfo = RitualScreenTimeShared;
		};
		3A8026DA2165058E6C913B3C /* PBXContainerItemProxy */ = {
			isa = PBXContainerItemProxy;
			containerPortal = DE141121784F535662CB10AC /* Project object */;
			proxyType = 1;
			remoteGlobalIDString = D5DE6B1A59565AAF2771FDD0;
			remoteInfo = RitualScreenTimeReportExtension;
		};
		60238B85D9E7C7DD623773A8 /* PBXContainerItemProxy */ = {
			isa = PBXContainerItemProxy;
			containerPortal = DE141121784F535662CB10AC /* Project object */;
			proxyType = 1;
			remoteGlobalIDString = B7BEEE322C1DD2797BA8B582;
			remoteInfo = RitualScreenTimeShared;
		};
		A8FB871304C342C87FF6E54B /* PBXContainerItemProxy */ = {
			isa = PBXContainerItemProxy;
			containerPortal = DE141121784F535662CB10AC /* Project object */;
			proxyType = 1;
			remoteGlobalIDString = BCF5BC13F2A2D8CFCB36089A;
			remoteInfo = RitualCompanion;
		};
/* End PBXContainerItemProxy section */

/* Begin PBXCopyFilesBuildPhase section */
		385E4B312963E0C05458CDED /* Embed Frameworks */ = {
			isa = PBXCopyFilesBuildPhase;
			buildActionMask = 2147483647;
			dstPath = "";
			dstSubfolderSpec = 10;
			files = (
			);
			name = "Embed Frameworks";
			runOnlyForDeploymentPostprocessing = 0;
		};
		47EB9CB1C6DF0F4CD6CBDB9E /* Embed Frameworks */ = {
			isa = PBXCopyFilesBuildPhase;
			buildActionMask = 2147483647;
			dstPath = "";
			dstSubfolderSpec = 10;
			files = (
				A6B0ED1438509B93E043895C /* RitualScreenTimeShared.framework in Embed Frameworks */,
			);
			name = "Embed Frameworks";
			runOnlyForDeploymentPostprocessing = 0;
		};
		9A65DC471AE5FBFFDE89D9D5 /* Embed Foundation Extensions */ = {
			isa = PBXCopyFilesBuildPhase;
			buildActionMask = 2147483647;
			dstSubfolderSpec = 13;
			files = (
				FF1187387F3DE3517EBFF885 /* RitualScreenTimeReportExtension.appex in Embed Foundation Extensions */,
			);
			name = "Embed Foundation Extensions";
			runOnlyForDeploymentPostprocessing = 0;
		};
		A741B72908BF4038DFFA7E95 /* Embed Frameworks */ = {
			isa = PBXCopyFilesBuildPhase;
			buildActionMask = 2147483647;
			dstPath = "";
			dstSubfolderSpec = 10;
			files = (
			);
			name = "Embed Frameworks";
			runOnlyForDeploymentPostprocessing = 0;
		};
		BFD6CC487920FF691C2E92D6 /* Embed Frameworks */ = {
			isa = PBXCopyFilesBuildPhase;
			buildActionMask = 2147483647;
			dstPath = "";
			dstSubfolderSpec = 10;
			files = (
			);
			name = "Embed Frameworks";
			runOnlyForDeploymentPostprocessing = 0;
		};
/* End PBXCopyFilesBuildPhase section */

/* Begin PBXFileReference section */
		171C169FA35F85FC7ADA04D9 /* BLEHeartRateParser.swift */ = {isa = PBXFileReference; lastKnownFileType = sourcecode.swift; path = BLEHeartRateParser.swift; sourceTree = "<group>"; };
		1741C77C405F908BA6C2BCC3 /* StatusView.swift */ = {isa = PBXFileReference; lastKnownFileType = sourcecode.swift; path = StatusView.swift; sourceTree = "<group>"; };
		1C0FCE4592D7860B73553F0B /* ScreenTimeView.swift */ = {isa = PBXFileReference; lastKnownFileType = sourcecode.swift; path = ScreenTimeView.swift; sourceTree = "<group>"; };
		288CA0FD677B9211B801ADE6 /* WhoopBroadcastService.swift */ = {isa = PBXFileReference; lastKnownFileType = sourcecode.swift; path = WhoopBroadcastService.swift; sourceTree = "<group>"; };
		2A57E238B67EA0BEA6D83131 /* ConnectView.swift */ = {isa = PBXFileReference; lastKnownFileType = sourcecode.swift; path = ConnectView.swift; sourceTree = "<group>"; };
		2C56C74B7E232D6E54F735A7 /* FilenameTemplateTests.swift */ = {isa = PBXFileReference; lastKnownFileType = sourcecode.swift; path = FilenameTemplateTests.swift; sourceTree = "<group>"; };
		331267A4741B767C6156924B /* RitualCompanionApp.swift */ = {isa = PBXFileReference; lastKnownFileType = sourcecode.swift; path = RitualCompanionApp.swift; sourceTree = "<group>"; };
		331DA15E38DA7AD3AA40C98A /* HabitMappingStore.swift */ = {isa = PBXFileReference; lastKnownFileType = sourcecode.swift; path = HabitMappingStore.swift; sourceTree = "<group>"; };
		346F9A48EB41862659B45C50 /* ScreenTimeReportModels.swift */ = {isa = PBXFileReference; lastKnownFileType = sourcecode.swift; path = ScreenTimeReportModels.swift; sourceTree = "<group>"; };
		34C9D27D3B41E8AE52B77267 /* NotificationManager.swift */ = {isa = PBXFileReference; lastKnownFileType = sourcecode.swift; path = NotificationManager.swift; sourceTree = "<group>"; };
		3A3C8403B70312EF3D7C5815 /* ExportDestinationStore.swift */ = {isa = PBXFileReference; lastKnownFileType = sourcecode.swift; path = ExportDestinationStore.swift; sourceTree = "<group>"; };
		3CA24C4E982268B508DDCA3B /* NormalizedMetric.swift */ = {isa = PBXFileReference; lastKnownFileType = sourcecode.swift; path = NormalizedMetric.swift; sourceTree = "<group>"; };
		459058E6B5537C3E07F0F641 /* RitualCompanion-Info.plist */ = {isa = PBXFileReference; lastKnownFileType = text.plist; path = "RitualCompanion-Info.plist"; sourceTree = "<group>"; };
		45C26FBE3B38077930CE8964 /* HabitMappingEditorView.swift */ = {isa = PBXFileReference; lastKnownFileType = sourcecode.swift; path = HabitMappingEditorView.swift; sourceTree = "<group>"; };
		480D36949E7F8AC8BA26C86D /* RitualScreenTimeReportExtension.entitlements */ = {isa = PBXFileReference; lastKnownFileType = text.plist.entitlements; path = RitualScreenTimeReportExtension.entitlements; sourceTree = "<group>"; };
		4F5782D9D391771469B2E67D /* BiometricsUploadQueue.swift */ = {isa = PBXFileReference; lastKnownFileType = sourcecode.swift; path = BiometricsUploadQueue.swift; sourceTree = "<group>"; };
		53DA50B04943907060448DFF /* PermissionsView.swift */ = {isa = PBXFileReference; lastKnownFileType = sourcecode.swift; path = PermissionsView.swift; sourceTree = "<group>"; };
		55A7812D68BCCD6D8AE808B4 /* RitualAPIClient.swift */ = {isa = PBXFileReference; lastKnownFileType = sourcecode.swift; path = RitualAPIClient.swift; sourceTree = "<group>"; };
		5786C60FEFCA15EBA8EE4973 /* OfflineSyncQueue.swift */ = {isa = PBXFileReference; lastKnownFileType = sourcecode.swift; path = OfflineSyncQueue.swift; sourceTree = "<group>"; };
		5959D5FAD3E035C065983982 /* ScreenTimeSyncManager.swift */ = {isa = PBXFileReference; lastKnownFileType = sourcecode.swift; path = ScreenTimeSyncManager.swift; sourceTree = "<group>"; };
		6000DCD5158BD5D266A3BB99 /* Local.xcconfig */ = {isa = PBXFileReference; lastKnownFileType = text.xcconfig; path = Local.xcconfig; sourceTree = "<group>"; };
		60D808B126730EA2507649D9 /* HabitMappingResolver.swift */ = {isa = PBXFileReference; lastKnownFileType = sourcecode.swift; path = HabitMappingResolver.swift; sourceTree = "<group>"; };
		6260A7C6150515A1745EC60B /* BiometricsLocalStore.swift */ = {isa = PBXFileReference; lastKnownFileType = sourcecode.swift; path = BiometricsLocalStore.swift; sourceTree = "<group>"; };
		65584B0FB0BEA8C9B4F5D591 /* LocalExportManager.swift */ = {isa = PBXFileReference; lastKnownFileType = sourcecode.swift; path = LocalExportManager.swift; sourceTree = "<group>"; };
		70003735978CA53E78A71BF3 /* MarkdownExporterTests.swift */ = {isa = PBXFileReference; lastKnownFileType = sourcecode.swift; path = MarkdownExporterTests.swift; sourceTree = "<group>"; };
		74E4D8229429850BF8B91FB4 /* StatusCard.swift */ = {isa = PBXFileReference; lastKnownFileType = sourcecode.swift; path = StatusCard.swift; sourceTree = "<group>"; };
		7684EC5BD030E45458E6EC8B /* HeartRateBiometrics.swift */ = {isa = PBXFileReference; lastKnownFileType = sourcecode.swift; path = HeartRateBiometrics.swift; sourceTree = "<group>"; };
		7A9FDEFC8AB90A51E7A3B6EA /* LocalExportHistoryStore.swift */ = {isa = PBXFileReference; lastKnownFileType = sourcecode.swift; path = LocalExportHistoryStore.swift; sourceTree = "<group>"; };
		7E8F1323007A298B2EEAC412 /* AnchorStorage.swift */ = {isa = PBXFileReference; lastKnownFileType = sourcecode.swift; path = AnchorStorage.swift; sourceTree = "<group>"; };
		7F3EC096CB777148B9BA30C2 /* RitualScreenTimeReportExtension.appex */ = {isa = PBXFileReference; explicitFileType = "wrapper.app-extension"; includeInIndex = 0; path = RitualScreenTimeReportExtension.appex; sourceTree = BUILT_PRODUCTS_DIR; };
		80241D4B55982304269D4BBC /* BiometricsFeatureFlags.swift */ = {isa = PBXFileReference; lastKnownFileType = sourcecode.swift; path = BiometricsFeatureFlags.swift; sourceTree = "<group>"; };
		867B0C4FE07A40DDDDA05D45 /* ScreenTimeReportExtension.swift */ = {isa = PBXFileReference; lastKnownFileType = sourcecode.swift; path = ScreenTimeReportExtension.swift; sourceTree = "<group>"; };
		86EF155B9BF0E2167EFA3D36 /* ScreenTimeSnapshot.swift */ = {isa = PBXFileReference; lastKnownFileType = sourcecode.swift; path = ScreenTimeSnapshot.swift; sourceTree = "<group>"; };
		87A2B06D409DF895C7CE9033 /* ScreenTimeSelectionCard.swift */ = {isa = PBXFileReference; lastKnownFileType = sourcecode.swift; path = ScreenTimeSelectionCard.swift; sourceTree = "<group>"; };
		889E6C394079DDFA9201011C /* BiometricsSyncService.swift */ = {isa = PBXFileReference; lastKnownFileType = sourcecode.swift; path = BiometricsSyncService.swift; sourceTree = "<group>"; };
		8A94C38D6A9F09F7FB7C4498 /* AppConfig.swift */ = {isa = PBXFileReference; lastKnownFileType = sourcecode.swift; path = AppConfig.swift; sourceTree = "<group>"; };
		8C248FC038D89F31B8834478 /* FocusSelectionReport.swift */ = {isa = PBXFileReference; lastKnownFileType = sourcecode.swift; path = FocusSelectionReport.swift; sourceTree = "<group>"; };
		8F570F54536DD9BF51461F72 /* SourceStatusCard.swift */ = {isa = PBXFileReference; lastKnownFileType = sourcecode.swift; path = SourceStatusCard.swift; sourceTree = "<group>"; };
		900A21C0CC5F0F56A663D35C /* TuistBundle+RitualCompanion.swift */ = {isa = PBXFileReference; lastKnownFileType = sourcecode.swift; path = "TuistBundle+RitualCompanion.swift"; sourceTree = "<group>"; };
		92D8EBAAC3C5E98D045AEB04 /* PrivacyInfo.xcprivacy */ = {isa = PBXFileReference; path = PrivacyInfo.xcprivacy; sourceTree = "<group>"; };
		92F4AD53C1D9AF747A125E0C /* BLEDevice.swift */ = {isa = PBXFileReference; lastKnownFileType = sourcecode.swift; path = BLEDevice.swift; sourceTree = "<group>"; };
		96367BEC75CDC9B16DDDB8AF /* HabitMappingStoreTests.swift */ = {isa = PBXFileReference; lastKnownFileType = sourcecode.swift; path = HabitMappingStoreTests.swift; sourceTree = "<group>"; };
		9AE1F6D0F377D42EB3893655 /* ScreenTimeContexts.swift */ = {isa = PBXFileReference; lastKnownFileType = sourcecode.swift; path = ScreenTimeContexts.swift; sourceTree = "<group>"; };
		9B2AB31181EAEB1A5F455C80 /* LocalExportModels.swift */ = {isa = PBXFileReference; lastKnownFileType = sourcecode.swift; path = LocalExportModels.swift; sourceTree = "<group>"; };
		9B85CAB6C5F6F0FA437A5998 /* ContentView.swift */ = {isa = PBXFileReference; lastKnownFileType = sourcecode.swift; path = ContentView.swift; sourceTree = "<group>"; };
		9D2935FC3D64BDA5B1FA5C07 /* MarkdownExporter.swift */ = {isa = PBXFileReference; lastKnownFileType = sourcecode.swift; path = MarkdownExporter.swift; sourceTree = "<group>"; };
		A189782B40B87843079C0C2C /* RitualScreenTimeShared-Info.plist */ = {isa = PBXFileReference; lastKnownFileType = text.plist; path = "RitualScreenTimeShared-Info.plist"; sourceTree = "<group>"; };
		A326D7DACE528D4C2EB7080A /* DailyTotalReport.swift */ = {isa = PBXFileReference; lastKnownFileType = sourcecode.swift; path = DailyTotalReport.swift; sourceTree = "<group>"; };
		A32FE695D7B5296906618A77 /* LocalExportHistoryStoreTests.swift */ = {isa = PBXFileReference; lastKnownFileType = sourcecode.swift; path = LocalExportHistoryStoreTests.swift; sourceTree = "<group>"; };
		A4460558012097894E301FA6 /* Assets.xcassets */ = {isa = PBXFileReference; lastKnownFileType = folder.assetcatalog; path = Assets.xcassets; sourceTree = "<group>"; };
		A70CC74C0F075A70FF36FED1 /* BLEPermissionState.swift */ = {isa = PBXFileReference; lastKnownFileType = sourcecode.swift; path = BLEPermissionState.swift; sourceTree = "<group>"; };
		AFCBF61B7805AA46DC7C8B69 /* APIModels.swift */ = {isa = PBXFileReference; lastKnownFileType = sourcecode.swift; path = APIModels.swift; sourceTree = "<group>"; };
		B45947887D2B1447F7269E0F /* BackgroundSyncManagerV2.swift */ = {isa = PBXFileReference; lastKnownFileType = sourcecode.swift; path = BackgroundSyncManagerV2.swift; sourceTree = "<group>"; };
		B54D2F5C648437AF926BAD1D /* WhoopConnectView.swift */ = {isa = PBXFileReference; lastKnownFileType = sourcecode.swift; path = WhoopConnectView.swift; sourceTree = "<group>"; };
		B57EA1C2EF0854ECCCC26858 /* BLERestorationCoordinator.swift */ = {isa = PBXFileReference; lastKnownFileType = sourcecode.swift; path = BLERestorationCoordinator.swift; sourceTree = "<group>"; };
		B8467AE6E06CEE4B56BF88D5 /* RitualScreenTimeReportExtension-Info.plist */ = {isa = PBXFileReference; lastKnownFileType = text.plist; path = "RitualScreenTimeReportExtension-Info.plist"; sourceTree = "<group>"; };
		BD3DC6E3DBC4DEA6505746B2 /* HabitMappingListView.swift */ = {isa = PBXFileReference; lastKnownFileType = sourcecode.swift; path = HabitMappingListView.swift; sourceTree = "<group>"; };
		BF91F678261C8F0BB0C07F17 /* RitualCompanion.entitlements */ = {isa = PBXFileReference; lastKnownFileType = text.plist.entitlements; path = RitualCompanion.entitlements; sourceTree = "<group>"; };
		C234661BB134853DCBE541B3 /* RitualScreenTimeShared.framework */ = {isa = PBXFileReference; explicitFileType = wrapper.framework; includeInIndex = 0; path = RitualScreenTimeShared.framework; sourceTree = BUILT_PRODUCTS_DIR; };
		C52426DADBCAA588D41D9303 /* LocalExportManagerTests.swift */ = {isa = PBXFileReference; lastKnownFileType = sourcecode.swift; path = LocalExportManagerTests.swift; sourceTree = "<group>"; };
		D415312C15325BB2CF548937 /* HabitMappingResolverTests.swift */ = {isa = PBXFileReference; lastKnownFileType = sourcecode.swift; path = HabitMappingResolverTests.swift; sourceTree = "<group>"; };
		DE1AF4769467834D6C61A6DD /* HabitMapping.swift */ = {isa = PBXFileReference; lastKnownFileType = sourcecode.swift; path = HabitMapping.swift; sourceTree = "<group>"; };
		DF7B43980E3E47C32AD8CAE3 /* ScreenTimeManager.swift */ = {isa = PBXFileReference; lastKnownFileType = sourcecode.swift; path = ScreenTimeManager.swift; sourceTree = "<group>"; };
		E1A372E1AB880BB65A4FD278 /* BLEManager.swift */ = {isa = PBXFileReference; lastKnownFileType = sourcecode.swift; path = BLEManager.swift; sourceTree = "<group>"; };
		E60426B03E8489A5DF8C81A2 /* RitualCompanionTests-Info.plist */ = {isa = PBXFileReference; lastKnownFileType = text.plist; path = "RitualCompanionTests-Info.plist"; sourceTree = "<group>"; };
		E6EDDEAADF641B87AE9F6F98 /* AppState.swift */ = {isa = PBXFileReference; lastKnownFileType = sourcecode.swift; path = AppState.swift; sourceTree = "<group>"; };
		E9F5DE30D5BD26D5C8EBD75D /* ScreenTimeStatusCard.swift */ = {isa = PBXFileReference; lastKnownFileType = sourcecode.swift; path = ScreenTimeStatusCard.swift; sourceTree = "<group>"; };
		F0C3E0C59B910AAABCBC2F3B /* RitualCompanionTests.xctest */ = {isa = PBXFileReference; explicitFileType = wrapper.cfbundle; includeInIndex = 0; path = RitualCompanionTests.xctest; sourceTree = BUILT_PRODUCTS_DIR; };
		F243BA15F799B3B6E8786BF4 /* HealthKitManagerV2.swift */ = {isa = PBXFileReference; lastKnownFileType = sourcecode.swift; path = HealthKitManagerV2.swift; sourceTree = "<group>"; };
		F2AA7EAB703C07E2738DEFE4 /* TuistAssets+RitualCompanion.swift */ = {isa = PBXFileReference; lastKnownFileType = sourcecode.swift; path = "TuistAssets+RitualCompanion.swift"; sourceTree = "<group>"; };
		F7B875B748F12703760523BE /* ScreenTimeSharedStore.swift */ = {isa = PBXFileReference; lastKnownFileType = sourcecode.swift; path = ScreenTimeSharedStore.swift; sourceTree = "<group>"; };
		FA754A79233A468B7DD2F651 /* RitualCompanion.app */ = {isa = PBXFileReference; explicitFileType = wrapper.application; includeInIndex = 0; path = RitualCompanion.app; sourceTree = BUILT_PRODUCTS_DIR; };
		FAE65512E3425AE5935753AA /* FilenameTemplate.swift */ = {isa = PBXFileReference; lastKnownFileType = sourcecode.swift; path = FilenameTemplate.swift; sourceTree = "<group>"; };
		FD5611640C1740032E8E0EEB /* WhoopDeviceHeuristics.swift */ = {isa = PBXFileReference; lastKnownFileType = sourcecode.swift; path = WhoopDeviceHeuristics.swift; sourceTree = "<group>"; };
/* End PBXFileReference section */

/* Begin PBXFrameworksBuildPhase section */
		0D884668F74C5FE63C5633A4 /* Frameworks */ = {
			isa = PBXFrameworksBuildPhase;
			buildActionMask = 2147483647;
			files = (
			);
			runOnlyForDeploymentPostprocessing = 0;
		};
		40749DD238717B6EEAA5B794 /* Frameworks */ = {
			isa = PBXFrameworksBuildPhase;
			buildActionMask = 2147483647;
			files = (
				CB54341A408CA8A2F5752031 /* RitualScreenTimeShared.framework in Frameworks */,
				AF65CAB72369B51D6943421F /* Clerk in Frameworks */,
			);
			runOnlyForDeploymentPostprocessing = 0;
		};
		A5BF24C29B8516AA00E71FC9 /* Frameworks */ = {
			isa = PBXFrameworksBuildPhase;
			buildActionMask = 2147483647;
			files = (
			);
			runOnlyForDeploymentPostprocessing = 0;
		};
		D17CBABF6FD5C28D0BE3738D /* Frameworks */ = {
			isa = PBXFrameworksBuildPhase;
			buildActionMask = 2147483647;
			files = (
				B2BE48AE3AAD92C6471F58C5 /* RitualScreenTimeShared.framework in Frameworks */,
			);
			runOnlyForDeploymentPostprocessing = 0;
		};
/* End PBXFrameworksBuildPhase section */

/* Begin PBXGroup section */
		08E018384061968A49ABC4CB /* RitualCompanion */ = {
			isa = PBXGroup;
			children = (
				AE4E74278331DC71ECBF14FC /* App */,
				5D68FE767C9F2F77F242AE99 /* Config */,
				832258F9544362F128A4012A /* Models */,
				B27A5FED1D050C07E0B2BC83 /* Services */,
				B2D0330AA1800C8FA0A15DBF /* Views */,
			);
			path = RitualCompanion;
			sourceTree = "<group>";
		};
		124811597C9536C2B56694D2 /* Sources */ = {
			isa = PBXGroup;
			children = (
				08E018384061968A49ABC4CB /* RitualCompanion */,
				307211622CBAE69AD437BEFD /* RitualScreenTimeReportExtension */,
				BE924D774D7861C561E60204 /* RitualScreenTimeShared */,
			);
			path = Sources;
			sourceTree = "<group>";
		};
		167E82D4E929AFB1572825CE /* Models */ = {
			isa = PBXGroup;
			children = (
				346F9A48EB41862659B45C50 /* ScreenTimeReportModels.swift */,
				86EF155B9BF0E2167EFA3D36 /* ScreenTimeSnapshot.swift */,
			);
			path = Models;
			sourceTree = "<group>";
		};
		2BA20C70416C81F53524C2B2 /* Project */ = {
			isa = PBXGroup;
			children = (
				FC4DBEA8AEAAF80AE793F0A3 /* Config */,
				834A338D40C8AEAA1C49D325 /* Derived */,
				C40281E43268AF867560CF7E /* Resources */,
				124811597C9536C2B56694D2 /* Sources */,
				AEDEC61FEA399D84C3A211D2 /* Tests */,
			);
			name = Project;
			sourceTree = "<group>";
		};
		2F2A718DF3E6F89347DE8071 /* Habits */ = {
			isa = PBXGroup;
			children = (
				45C26FBE3B38077930CE8964 /* HabitMappingEditorView.swift */,
				BD3DC6E3DBC4DEA6505746B2 /* HabitMappingListView.swift */,
			);
			path = Habits;
			sourceTree = "<group>";
		};
		307211622CBAE69AD437BEFD /* RitualScreenTimeReportExtension */ = {
			isa = PBXGroup;
			children = (
				BF5CC05DD684953868449C9E /* Reports */,
				867B0C4FE07A40DDDDA05D45 /* ScreenTimeReportExtension.swift */,
			);
			path = RitualScreenTimeReportExtension;
			sourceTree = "<group>";
		};
		447876D9DBEDE83790E431E7 /* Export */ = {
			isa = PBXGroup;
			children = (
				FAE65512E3425AE5935753AA /* FilenameTemplate.swift */,
				9D2935FC3D64BDA5B1FA5C07 /* MarkdownExporter.swift */,
			);
			path = Export;
			sourceTree = "<group>";
		};
		4611F3EC4143EC3B21B916DF /* Storage */ = {
			isa = PBXGroup;
			children = (
				F7B875B748F12703760523BE /* ScreenTimeSharedStore.swift */,
			);
			path = Storage;
			sourceTree = "<group>";
		};
		4947106184B0D3278D67F82C /* Products */ = {
			isa = PBXGroup;
			children = (
				FA754A79233A468B7DD2F651 /* RitualCompanion.app */,
				F0C3E0C59B910AAABCBC2F3B /* RitualCompanionTests.xctest */,
				7F3EC096CB777148B9BA30C2 /* RitualScreenTimeReportExtension.appex */,
				C234661BB134853DCBE541B3 /* RitualScreenTimeShared.framework */,
			);
			name = Products;
			sourceTree = "<group>";
		};
		5D68FE767C9F2F77F242AE99 /* Config */ = {
			isa = PBXGroup;
			children = (
				8A94C38D6A9F09F7FB7C4498 /* AppConfig.swift */,
				80241D4B55982304269D4BBC /* BiometricsFeatureFlags.swift */,
			);
			path = Config;
			sourceTree = "<group>";
		};
		5F1946ABC595128365D346AD /* BLE */ = {
			isa = PBXGroup;
			children = (
				92F4AD53C1D9AF747A125E0C /* BLEDevice.swift */,
				171C169FA35F85FC7ADA04D9 /* BLEHeartRateParser.swift */,
				E1A372E1AB880BB65A4FD278 /* BLEManager.swift */,
				A70CC74C0F075A70FF36FED1 /* BLEPermissionState.swift */,
				B57EA1C2EF0854ECCCC26858 /* BLERestorationCoordinator.swift */,
			);
			path = BLE;
			sourceTree = "<group>";
		};
		6DF7645A809FC552FC5E3D7B = {
			isa = PBXGroup;
			children = (
				4947106184B0D3278D67F82C /* Products */,
				2BA20C70416C81F53524C2B2 /* Project */,
			);
			sourceTree = "<group>";
		};
		832258F9544362F128A4012A /* Models */ = {
			isa = PBXGroup;
			children = (
				AFCBF61B7805AA46DC7C8B69 /* APIModels.swift */,
				7684EC5BD030E45458E6EC8B /* HeartRateBiometrics.swift */,
				9B2AB31181EAEB1A5F455C80 /* LocalExportModels.swift */,
				3CA24C4E982268B508DDCA3B /* NormalizedMetric.swift */,
			);
			path = Models;
			sourceTree = "<group>";
		};
		834A338D40C8AEAA1C49D325 /* Derived */ = {
			isa = PBXGroup;
			children = (
				CDD07E75BA08A2C0114B6674 /* Entitlements */,
				A1FE401591837B6DFE9B8359 /* InfoPlists */,
				ED7A413083102D99E6DE1463 /* Sources */,
			);
			path = Derived;
			sourceTree = "<group>";
		};
		87FCAB9FAE1FE0D94097B507 /* Config */ = {
			isa = PBXGroup;
			children = (
				9AE1F6D0F377D42EB3893655 /* ScreenTimeContexts.swift */,
			);
			path = Config;
			sourceTree = "<group>";
		};
		A1FE401591837B6DFE9B8359 /* InfoPlists */ = {
			isa = PBXGroup;
			children = (
				459058E6B5537C3E07F0F641 /* RitualCompanion-Info.plist */,
				E60426B03E8489A5DF8C81A2 /* RitualCompanionTests-Info.plist */,
				B8467AE6E06CEE4B56BF88D5 /* RitualScreenTimeReportExtension-Info.plist */,
				A189782B40B87843079C0C2C /* RitualScreenTimeShared-Info.plist */,
			);
			path = InfoPlists;
			sourceTree = "<group>";
		};
		A7805D7762D337C5F9466BFD /* Whoop */ = {
			isa = PBXGroup;
			children = (
				288CA0FD677B9211B801ADE6 /* WhoopBroadcastService.swift */,
				FD5611640C1740032E8E0EEB /* WhoopDeviceHeuristics.swift */,
			);
			path = Whoop;
			sourceTree = "<group>";
		};
		AE4E74278331DC71ECBF14FC /* App */ = {
			isa = PBXGroup;
			children = (
				E6EDDEAADF641B87AE9F6F98 /* AppState.swift */,
				331267A4741B767C6156924B /* RitualCompanionApp.swift */,
			);
			path = App;
			sourceTree = "<group>";
		};
		AEDEC61FEA399D84C3A211D2 /* Tests */ = {
			isa = PBXGroup;
			children = (
				2C56C74B7E232D6E54F735A7 /* FilenameTemplateTests.swift */,
				D415312C15325BB2CF548937 /* HabitMappingResolverTests.swift */,
				96367BEC75CDC9B16DDDB8AF /* HabitMappingStoreTests.swift */,
				A32FE695D7B5296906618A77 /* LocalExportHistoryStoreTests.swift */,
				C52426DADBCAA588D41D9303 /* LocalExportManagerTests.swift */,
				70003735978CA53E78A71BF3 /* MarkdownExporterTests.swift */,
			);
			path = Tests;
			sourceTree = "<group>";
		};
		B27A5FED1D050C07E0B2BC83 /* Services */ = {
			isa = PBXGroup;
			children = (
				5F1946ABC595128365D346AD /* BLE */,
				447876D9DBEDE83790E431E7 /* Export */,
				B75176CD82A2CE4857B82164 /* Habits */,
				C7C5721F0C893BDCD08FC55C /* Persistence */,
				D6FE95EE520ECD5D70365DC0 /* Sync */,
				A7805D7762D337C5F9466BFD /* Whoop */,
				7E8F1323007A298B2EEAC412 /* AnchorStorage.swift */,
				B45947887D2B1447F7269E0F /* BackgroundSyncManagerV2.swift */,
				3A3C8403B70312EF3D7C5815 /* ExportDestinationStore.swift */,
				F243BA15F799B3B6E8786BF4 /* HealthKitManagerV2.swift */,
				7A9FDEFC8AB90A51E7A3B6EA /* LocalExportHistoryStore.swift */,
				65584B0FB0BEA8C9B4F5D591 /* LocalExportManager.swift */,
				34C9D27D3B41E8AE52B77267 /* NotificationManager.swift */,
				5786C60FEFCA15EBA8EE4973 /* OfflineSyncQueue.swift */,
				55A7812D68BCCD6D8AE808B4 /* RitualAPIClient.swift */,
				DF7B43980E3E47C32AD8CAE3 /* ScreenTimeManager.swift */,
				5959D5FAD3E035C065983982 /* ScreenTimeSyncManager.swift */,
			);
			path = Services;
			sourceTree = "<group>";
		};
		B2D0330AA1800C8FA0A15DBF /* Views */ = {
			isa = PBXGroup;
			children = (
				BDF6422C3C1FDDFAB7CC5D7D /* Components */,
				2F2A718DF3E6F89347DE8071 /* Habits */,
				2A57E238B67EA0BEA6D83131 /* ConnectView.swift */,
				9B85CAB6C5F6F0FA437A5998 /* ContentView.swift */,
				1C0FCE4592D7860B73553F0B /* ScreenTimeView.swift */,
				1741C77C405F908BA6C2BCC3 /* StatusView.swift */,
				B54D2F5C648437AF926BAD1D /* WhoopConnectView.swift */,
			);
			path = Views;
			sourceTree = "<group>";
		};
		B75176CD82A2CE4857B82164 /* Habits */ = {
			isa = PBXGroup;
			children = (
				DE1AF4769467834D6C61A6DD /* HabitMapping.swift */,
				60D808B126730EA2507649D9 /* HabitMappingResolver.swift */,
				331DA15E38DA7AD3AA40C98A /* HabitMappingStore.swift */,
			);
			path = Habits;
			sourceTree = "<group>";
		};
		BDF6422C3C1FDDFAB7CC5D7D /* Components */ = {
			isa = PBXGroup;
			children = (
				53DA50B04943907060448DFF /* PermissionsView.swift */,
				87A2B06D409DF895C7CE9033 /* ScreenTimeSelectionCard.swift */,
				E9F5DE30D5BD26D5C8EBD75D /* ScreenTimeStatusCard.swift */,
				8F570F54536DD9BF51461F72 /* SourceStatusCard.swift */,
				74E4D8229429850BF8B91FB4 /* StatusCard.swift */,
			);
			path = Components;
			sourceTree = "<group>";
		};
		BE924D774D7861C561E60204 /* RitualScreenTimeShared */ = {
			isa = PBXGroup;
			children = (
				87FCAB9FAE1FE0D94097B507 /* Config */,
				167E82D4E929AFB1572825CE /* Models */,
				4611F3EC4143EC3B21B916DF /* Storage */,
			);
			path = RitualScreenTimeShared;
			sourceTree = "<group>";
		};
		BF5CC05DD684953868449C9E /* Reports */ = {
			isa = PBXGroup;
			children = (
				A326D7DACE528D4C2EB7080A /* DailyTotalReport.swift */,
				8C248FC038D89F31B8834478 /* FocusSelectionReport.swift */,
			);
			path = Reports;
			sourceTree = "<group>";
		};
		C40281E43268AF867560CF7E /* Resources */ = {
			isa = PBXGroup;
			children = (
				A4460558012097894E301FA6 /* Assets.xcassets */,
				92D8EBAAC3C5E98D045AEB04 /* PrivacyInfo.xcprivacy */,
			);
			path = Resources;
			sourceTree = "<group>";
		};
		C7C5721F0C893BDCD08FC55C /* Persistence */ = {
			isa = PBXGroup;
			children = (
				6260A7C6150515A1745EC60B /* BiometricsLocalStore.swift */,
			);
			path = Persistence;
			sourceTree = "<group>";
		};
		CDD07E75BA08A2C0114B6674 /* Entitlements */ = {
			isa = PBXGroup;
			children = (
				BF91F678261C8F0BB0C07F17 /* RitualCompanion.entitlements */,
				480D36949E7F8AC8BA26C86D /* RitualScreenTimeReportExtension.entitlements */,
			);
			path = Entitlements;
			sourceTree = "<group>";
		};
		D6FE95EE520ECD5D70365DC0 /* Sync */ = {
			isa = PBXGroup;
			children = (
				889E6C394079DDFA9201011C /* BiometricsSyncService.swift */,
				4F5782D9D391771469B2E67D /* BiometricsUploadQueue.swift */,
			);
			path = Sync;
			sourceTree = "<group>";
		};
		ED7A413083102D99E6DE1463 /* Sources */ = {
			isa = PBXGroup;
			children = (
				F2AA7EAB703C07E2738DEFE4 /* TuistAssets+RitualCompanion.swift */,
				900A21C0CC5F0F56A663D35C /* TuistBundle+RitualCompanion.swift */,
			);
			path = Sources;
			sourceTree = "<group>";
		};
		FC4DBEA8AEAAF80AE793F0A3 /* Config */ = {
			isa = PBXGroup;
			children = (
				6000DCD5158BD5D266A3BB99 /* Local.xcconfig */,
			);
			path = Config;
			sourceTree = "<group>";
		};
/* End PBXGroup section */

/* Begin PBXNativeTarget section */
		69F16EB2F5335C11DE820533 /* RitualCompanionTests */ = {
			isa = PBXNativeTarget;
			buildConfigurationList = 775B8A78D74CAB9F482AA37C /* Build configuration list for PBXNativeTarget "RitualCompanionTests" */;
			buildPhases = (
				4DFB76D11FF5DD3AC8D0B5D4 /* Sources */,
				1866124B8369D97B52D925ED /* Resources */,
				0D884668F74C5FE63C5633A4 /* Frameworks */,
				BFD6CC487920FF691C2E92D6 /* Embed Frameworks */,
			);
			buildRules = (
			);
			dependencies = (
				C21A2815E1B89E8D59C0EAB5 /* PBXTargetDependency */,
			);
			name = RitualCompanionTests;
			packageProductDependencies = (
			);
			productName = RitualCompanionTests;
			productReference = F0C3E0C59B910AAABCBC2F3B /* RitualCompanionTests.xctest */;
			productType = "com.apple.product-type.bundle.unit-test";
		};
		B7BEEE322C1DD2797BA8B582 /* RitualScreenTimeShared */ = {
			isa = PBXNativeTarget;
			buildConfigurationList = 3E64E6FECA34BF8417E5B820 /* Build configuration list for PBXNativeTarget "RitualScreenTimeShared" */;
			buildPhases = (
				B92A9D8B59433783908910AD /* Sources */,
				5459C1AF365F1E4A12F99697 /* Resources */,
				A5BF24C29B8516AA00E71FC9 /* Frameworks */,
				A741B72908BF4038DFFA7E95 /* Embed Frameworks */,
			);
			buildRules = (
			);
			dependencies = (
			);
			name = RitualScreenTimeShared;
			packageProductDependencies = (
			);
			productName = RitualScreenTimeShared;
			productReference = C234661BB134853DCBE541B3 /* RitualScreenTimeShared.framework */;
			productType = "com.apple.product-type.framework";
		};
		BCF5BC13F2A2D8CFCB36089A /* RitualCompanion */ = {
			isa = PBXNativeTarget;
			buildConfigurationList = AFB5B13AD3AD5BB135053BDB /* Build configuration list for PBXNativeTarget "RitualCompanion" */;
			buildPhases = (
				E96494FF8F60AD57F25DD724 /* Sources */,
				5CCD3F7E130DA234FA1C6D2A /* Resources */,
				9A65DC471AE5FBFFDE89D9D5 /* Embed Foundation Extensions */,
				40749DD238717B6EEAA5B794 /* Frameworks */,
				47EB9CB1C6DF0F4CD6CBDB9E /* Embed Frameworks */,
			);
			buildRules = (
			);
			dependencies = (
				2CB4D04507C738BE48C1A36E /* PBXTargetDependency */,
				5A93E3B63C643618E6AEE8DA /* PBXTargetDependency */,
			);
			name = RitualCompanion;
			packageProductDependencies = (
				86E70812549362DEB89C713C /* Clerk */,
			);
			productName = RitualCompanion;
			productReference = FA754A79233A468B7DD2F651 /* RitualCompanion.app */;
			productType = "com.apple.product-type.application";
		};
		D5DE6B1A59565AAF2771FDD0 /* RitualScreenTimeReportExtension */ = {
			isa = PBXNativeTarget;
			buildConfigurationList = 583F8BA58F73EE425F929A15 /* Build configuration list for PBXNativeTarget "RitualScreenTimeReportExtension" */;
			buildPhases = (
				FB441A5C77217D1EA10282FA /* Sources */,
				327EBDF1F9265A72FABDBBFD /* Resources */,
				D17CBABF6FD5C28D0BE3738D /* Frameworks */,
				385E4B312963E0C05458CDED /* Embed Frameworks */,
			);
			buildRules = (
			);
			dependencies = (
				274B44EC8636BFE0FDC3FB32 /* PBXTargetDependency */,
			);
			name = RitualScreenTimeReportExtension;
			packageProductDependencies = (
			);
			productName = RitualScreenTimeReportExtension;
			productReference = 7F3EC096CB777148B9BA30C2 /* RitualScreenTimeReportExtension.appex */;
			productType = "com.apple.product-type.app-extension";
		};
/* End PBXNativeTarget section */

/* Begin PBXProject section */
		DE141121784F535662CB10AC /* Project object */ = {
			isa = PBXProject;
			attributes = {
				BuildIndependentTargetsInParallel = YES;
				ORGANIZATIONNAME = Ritual;
				TargetAttributes = {
					69F16EB2F5335C11DE820533 = {
						TestTargetID = BCF5BC13F2A2D8CFCB36089A;
					};
				};
			};
			buildConfigurationList = 42031CF589296F5F91976522 /* Build configuration list for PBXProject "RitualCompanion" */;
			compatibilityVersion = "Xcode 14.0";
			developmentRegion = en;
			hasScannedForEncodings = 0;
			knownRegions = (
				Base,
				en,
			);
			mainGroup = 6DF7645A809FC552FC5E3D7B;
			packageReferences = (
				C536044F7EE3A3A4496D393D /* XCRemoteSwiftPackageReference "clerk-ios" */,
			);
			productRefGroup = 4947106184B0D3278D67F82C /* Products */;
			projectDirPath = "";
			projectRoot = "";
			targets = (
				BCF5BC13F2A2D8CFCB36089A /* RitualCompanion */,
				69F16EB2F5335C11DE820533 /* RitualCompanionTests */,
				D5DE6B1A59565AAF2771FDD0 /* RitualScreenTimeReportExtension */,
				B7BEEE322C1DD2797BA8B582 /* RitualScreenTimeShared */,
			);
		};
/* End PBXProject section */

/* Begin PBXResourcesBuildPhase section */
		1866124B8369D97B52D925ED /* Resources */ = {
			isa = PBXResourcesBuildPhase;
			buildActionMask = 2147483647;
			files = (
			);
			runOnlyForDeploymentPostprocessing = 0;
		};
		327EBDF1F9265A72FABDBBFD /* Resources */ = {
			isa = PBXResourcesBuildPhase;
			buildActionMask = 2147483647;
			files = (
			);
			runOnlyForDeploymentPostprocessing = 0;
		};
		5459C1AF365F1E4A12F99697 /* Resources */ = {
			isa = PBXResourcesBuildPhase;
			buildActionMask = 2147483647;
			files = (
			);
			runOnlyForDeploymentPostprocessing = 0;
		};
		5CCD3F7E130DA234FA1C6D2A /* Resources */ = {
			isa = PBXResourcesBuildPhase;
			buildActionMask = 2147483647;
			files = (
				534EF1F0E6C08A8D64021BE8 /* Assets.xcassets in Resources */,
				D73B96625C7DD704123583DA /* PrivacyInfo.xcprivacy in Resources */,
			);
			runOnlyForDeploymentPostprocessing = 0;
		};
/* End PBXResourcesBuildPhase section */

/* Begin PBXSourcesBuildPhase section */
		4DFB76D11FF5DD3AC8D0B5D4 /* Sources */ = {
			isa = PBXSourcesBuildPhase;
			buildActionMask = 2147483647;
			files = (
				E0D70D8ADF2BF7BD24F3B51D /* FilenameTemplateTests.swift in Sources */,
				8BB5E8890F64DA1DA0010DC1 /* HabitMappingResolverTests.swift in Sources */,
				49E248619B80EB0DA21454F9 /* HabitMappingStoreTests.swift in Sources */,
				BF0DDE163AED7BB73EBFF00A /* LocalExportHistoryStoreTests.swift in Sources */,
				2F8FE9690DEA7AE8CDFB881F /* LocalExportManagerTests.swift in Sources */,
				B94A8CE3B1FF6F1292423070 /* MarkdownExporterTests.swift in Sources */,
			);
			runOnlyForDeploymentPostprocessing = 0;
		};
		B92A9D8B59433783908910AD /* Sources */ = {
			isa = PBXSourcesBuildPhase;
			buildActionMask = 2147483647;
			files = (
				04AB447F67DD128BF482FC2B /* ScreenTimeContexts.swift in Sources */,
				3523A2DF8211D981D40694CB /* ScreenTimeReportModels.swift in Sources */,
				AE55F94BDD7F8102E95DDB83 /* ScreenTimeSnapshot.swift in Sources */,
				B5CC21BAEA0A267B152D413B /* ScreenTimeSharedStore.swift in Sources */,
			);
			runOnlyForDeploymentPostprocessing = 0;
		};
		E96494FF8F60AD57F25DD724 /* Sources */ = {
			isa = PBXSourcesBuildPhase;
			buildActionMask = 2147483647;
			files = (
				08CB6F1F343053A20CC8B0EB /* TuistAssets+RitualCompanion.swift in Sources */,
				4B58BF0ED7798AF180EF43B4 /* TuistBundle+RitualCompanion.swift in Sources */,
				B0C41CD6048C7E237921659A /* AppState.swift in Sources */,
				E82B883F12AB4FB41EDA9A40 /* RitualCompanionApp.swift in Sources */,
				0166F325B263B4789DCC01EA /* AppConfig.swift in Sources */,
				ED563A10AC36E49790EC9D82 /* BiometricsFeatureFlags.swift in Sources */,
				EE6236C7F349690B66FE30C4 /* APIModels.swift in Sources */,
				B714240F19604E247ECA31F8 /* HeartRateBiometrics.swift in Sources */,
				8A4CC7782613BFA71A4AF765 /* LocalExportModels.swift in Sources */,
				DE1BF59397213D2A40DF6FC1 /* NormalizedMetric.swift in Sources */,
				39AB3EB76D3A954E77561AC3 /* AnchorStorage.swift in Sources */,
				00765AF769A765F01285C756 /* BLEDevice.swift in Sources */,
				26AA41D23B4C8ACA46C25D69 /* BLEHeartRateParser.swift in Sources */,
				F8CFFAA21413D9E7A3B686BF /* BLEManager.swift in Sources */,
				D2084AF2C75A38D2EA2DB475 /* BLEPermissionState.swift in Sources */,
				A55B7639005BE0D49ED5D14E /* BLERestorationCoordinator.swift in Sources */,
				C89D361628116D80350D651F /* BackgroundSyncManagerV2.swift in Sources */,
				CA5B9D9881E770A77DBCB59E /* FilenameTemplate.swift in Sources */,
				850687E2AED981E54C577D17 /* MarkdownExporter.swift in Sources */,
				831330EC2DCD9D07F0A50647 /* ExportDestinationStore.swift in Sources */,
				22A29727DF8C48FDB093475C /* HabitMapping.swift in Sources */,
				9B7507788651710947EFEAEC /* HabitMappingResolver.swift in Sources */,
				0BBAA91186A691B5F90F9B9A /* HabitMappingStore.swift in Sources */,
				CF2ED8AB67DB6395A2A7BE95 /* HealthKitManagerV2.swift in Sources */,
				EC97CEDF62A8D48DE115A431 /* LocalExportHistoryStore.swift in Sources */,
				210BD4D8B9211661A43D2AFA /* LocalExportManager.swift in Sources */,
				ED3D427952E264FE892CE394 /* NotificationManager.swift in Sources */,
				E05673DB0F31089F154208C9 /* OfflineSyncQueue.swift in Sources */,
				B8BB567982B89441F20CC495 /* BiometricsLocalStore.swift in Sources */,
				C84C3305B73C7EE1D49D7D87 /* RitualAPIClient.swift in Sources */,
				7D0E5934DBE01E15B0812322 /* ScreenTimeManager.swift in Sources */,
				76C6EAC74989CC46482026A5 /* ScreenTimeSyncManager.swift in Sources */,
				15BCAF0E065CAA9BC620147E /* BiometricsSyncService.swift in Sources */,
				879619240373A8AFB7603B48 /* BiometricsUploadQueue.swift in Sources */,
				AF1DE4BECF23E098D8C4A53E /* WhoopBroadcastService.swift in Sources */,
				E3408D80686E7E98A8C46747 /* WhoopDeviceHeuristics.swift in Sources */,
				8D10BA196D80EBEE02405CB7 /* PermissionsView.swift in Sources */,
				5C0B8E15AA07AA73906DF09F /* ScreenTimeSelectionCard.swift in Sources */,
				4526AC72B4820F8DA68C4570 /* ScreenTimeStatusCard.swift in Sources */,
				E894985FCF0B11105DABC5D4 /* SourceStatusCard.swift in Sources */,
				0ED81CA69B299571B4CBF54C /* StatusCard.swift in Sources */,
				7E86B0E4D2B19B9D736801BC /* ConnectView.swift in Sources */,
				10585AD31D05685FCC500AE2 /* ContentView.swift in Sources */,
				42D9D6AFB79B688346CA08AA /* HabitMappingEditorView.swift in Sources */,
				CD5EA7E5CFD7D13D0D091B83 /* HabitMappingListView.swift in Sources */,
				A612F87AE5E282CF7428413E /* ScreenTimeView.swift in Sources */,
				A5C77E5AB43287BDEBE26DDF /* StatusView.swift in Sources */,
				80D4D1A845106BC8FE815B1C /* WhoopConnectView.swift in Sources */,
			);
			runOnlyForDeploymentPostprocessing = 0;
		};
		FB441A5C77217D1EA10282FA /* Sources */ = {
			isa = PBXSourcesBuildPhase;
			buildActionMask = 2147483647;
			files = (
				2D20E7C64245A17F77BEBAF2 /* DailyTotalReport.swift in Sources */,
				31A827645C61DDEB024F974C /* FocusSelectionReport.swift in Sources */,
				8852AFFB6A11EE6E1118D3BC /* ScreenTimeReportExtension.swift in Sources */,
			);
			runOnlyForDeploymentPostprocessing = 0;
		};
/* End PBXSourcesBuildPhase section */

/* Begin PBXTargetDependency section */
		274B44EC8636BFE0FDC3FB32 /* PBXTargetDependency */ = {
			isa = PBXTargetDependency;
			name = RitualScreenTimeShared;
			target = B7BEEE322C1DD2797BA8B582 /* RitualScreenTimeShared */;
			targetProxy = 132FD33A6656A864ED0B5282 /* PBXContainerItemProxy */;
		};
		2CB4D04507C738BE48C1A36E /* PBXTargetDependency */ = {
			isa = PBXTargetDependency;
			name = RitualScreenTimeReportExtension;
			target = D5DE6B1A59565AAF2771FDD0 /* RitualScreenTimeReportExtension */;
			targetProxy = 3A8026DA2165058E6C913B3C /* PBXContainerItemProxy */;
		};
		5A93E3B63C643618E6AEE8DA /* PBXTargetDependency */ = {
			isa = PBXTargetDependency;
			name = RitualScreenTimeShared;
			target = B7BEEE322C1DD2797BA8B582 /* RitualScreenTimeShared */;
			targetProxy = 60238B85D9E7C7DD623773A8 /* PBXContainerItemProxy */;
		};
		C21A2815E1B89E8D59C0EAB5 /* PBXTargetDependency */ = {
			isa = PBXTargetDependency;
			name = RitualCompanion;
			target = BCF5BC13F2A2D8CFCB36089A /* RitualCompanion */;
			targetProxy = A8FB871304C342C87FF6E54B /* PBXContainerItemProxy */;
		};
/* End PBXTargetDependency section */

/* Begin XCBuildConfiguration section */
		2B06FBED401155A4CEABE52B /* Release */ = {
			isa = XCBuildConfiguration;
			buildSettings = {
				BUNDLE_LOADER = "$(TEST_HOST)";
				CODE_SIGN_IDENTITY = "iPhone Developer";
				INFOPLIST_FILE = "Derived/InfoPlists/RitualCompanionTests-Info.plist";
				IPHONEOS_DEPLOYMENT_TARGET = 17.0;
				LD_RUNPATH_SEARCH_PATHS = (
					"$(inherited)",
					"@executable_path/Frameworks",
					"@loader_path/Frameworks",
				);
				PRODUCT_BUNDLE_IDENTIFIER = com.ritual.companion.tests;
				PRODUCT_NAME = RitualCompanionTests;
				SDKROOT = iphoneos;
				SUPPORTS_MACCATALYST = NO;
				SUPPORTS_MAC_DESIGNED_FOR_IPHONE_IPAD = YES;
				SUPPORTS_XR_DESIGNED_FOR_IPHONE_IPAD = NO;
				SWIFT_COMPILATION_MODE = wholemodule;
				SWIFT_OPTIMIZATION_LEVEL = "-O";
				SWIFT_VERSION = 5.0;
				TARGETED_DEVICE_FAMILY = "1,2";
				TEST_HOST = "$(BUILT_PRODUCTS_DIR)/RitualCompanion.app/$(BUNDLE_EXECUTABLE_FOLDER_PATH)/RitualCompanion";
				TEST_TARGET_NAME = RitualCompanion;
			};
			name = Release;
		};
		2F479DE4CBD06C2731145CF1 /* Debug */ = {
			isa = XCBuildConfiguration;
			buildSettings = {
				ALWAYS_SEARCH_USER_PATHS = NO;
				CLANG_ANALYZER_LOCALIZABILITY_NONLOCALIZED = YES;
				CLANG_ANALYZER_NONNULL = YES;
				CLANG_ANALYZER_NUMBER_OBJECT_CONVERSION = YES_AGGRESSIVE;
				CLANG_CXX_LANGUAGE_STANDARD = "gnu++14";
				CLANG_CXX_LIBRARY = "libc++";
				CLANG_ENABLE_MODULES = YES;
				CLANG_ENABLE_OBJC_ARC = YES;
				CLANG_ENABLE_OBJC_WEAK = YES;
				CLANG_WARN_BLOCK_CAPTURE_AUTORELEASING = YES;
				CLANG_WARN_BOOL_CONVERSION = YES;
				CLANG_WARN_COMMA = YES;
				CLANG_WARN_CONSTANT_CONVERSION = YES;
				CLANG_WARN_DEPRECATED_OBJC_IMPLEMENTATIONS = YES;
				CLANG_WARN_DIRECT_OBJC_ISA_USAGE = YES_ERROR;
				CLANG_WARN_DOCUMENTATION_COMMENTS = YES;
				CLANG_WARN_EMPTY_BODY = YES;
				CLANG_WARN_ENUM_CONVERSION = YES;
				CLANG_WARN_INFINITE_RECURSION = YES;
				CLANG_WARN_INT_CONVERSION = YES;
				CLANG_WARN_NON_LITERAL_NULL_CONVERSION = YES;
				CLANG_WARN_OBJC_IMPLICIT_RETAIN_SELF = YES;
				CLANG_WARN_OBJC_LITERAL_CONVERSION = YES;
				CLANG_WARN_OBJC_ROOT_CLASS = YES_ERROR;
				CLANG_WARN_QUOTED_INCLUDE_IN_FRAMEWORK_HEADER = YES;
				CLANG_WARN_RANGE_LOOP_ANALYSIS = YES;
				CLANG_WARN_STRICT_PROTOTYPES = YES;
				CLANG_WARN_SUSPICIOUS_MOVE = YES;
				CLANG_WARN_UNGUARDED_AVAILABILITY = YES_AGGRESSIVE;
				CLANG_WARN_UNREACHABLE_CODE = YES;
				CLANG_WARN__DUPLICATE_METHOD_MATCH = YES;
				COPY_PHASE_STRIP = NO;
				DEAD_CODE_STRIPPING = YES;
				DEBUG_INFORMATION_FORMAT = dwarf;
				ENABLE_STRICT_OBJC_MSGSEND = YES;
				ENABLE_TESTABILITY = YES;
				GCC_C_LANGUAGE_STANDARD = gnu11;
				GCC_DYNAMIC_NO_PIC = NO;
				GCC_NO_COMMON_BLOCKS = YES;
				GCC_OPTIMIZATION_LEVEL = 0;
				GCC_PREPROCESSOR_DEFINITIONS = (
					"DEBUG=1",
					"$(inherited)",
				);
				GCC_WARN_64_TO_32_BIT_CONVERSION = YES;
				GCC_WARN_ABOUT_RETURN_TYPE = YES_ERROR;
				GCC_WARN_UNDECLARED_SELECTOR = YES;
				GCC_WARN_UNINITIALIZED_AUTOS = YES_AGGRESSIVE;
				GCC_WARN_UNUSED_FUNCTION = YES;
				GCC_WARN_UNUSED_VARIABLE = YES;
				MTL_ENABLE_DEBUG_INFO = YES;
				ONLY_ACTIVE_ARCH = YES;
				PRODUCT_NAME = "$(TARGET_NAME)";
			};
			name = Debug;
		};
		62CDC313CA8BD94130605434 /* Release */ = {
			isa = XCBuildConfiguration;
			baseConfigurationReference = 6000DCD5158BD5D266A3BB99 /* Local.xcconfig */;
			buildSettings = {
				ASSETCATALOG_COMPILER_APPICON_NAME = AppIcon;
				ASSETCATALOG_COMPILER_GLOBAL_ACCENT_COLOR_NAME = AccentColor;
				CODE_SIGN_ENTITLEMENTS = Derived/Entitlements/RitualCompanion.entitlements;
				CODE_SIGN_IDENTITY = "iPhone Developer";
				ENABLE_PREVIEWS = YES;
				INFOPLIST_FILE = "Derived/InfoPlists/RitualCompanion-Info.plist";
				IPHONEOS_DEPLOYMENT_TARGET = 17.0;
				LD_RUNPATH_SEARCH_PATHS = (
					"$(inherited)",
					"@executable_path/Frameworks",
				);
				PRODUCT_BUNDLE_IDENTIFIER = com.ritual.companion;
				PRODUCT_NAME = RitualCompanion;
				SDKROOT = iphoneos;
				SUPPORTS_MACCATALYST = NO;
				SUPPORTS_MAC_DESIGNED_FOR_IPHONE_IPAD = YES;
				SUPPORTS_XR_DESIGNED_FOR_IPHONE_IPAD = NO;
				SWIFT_COMPILATION_MODE = wholemodule;
				SWIFT_OPTIMIZATION_LEVEL = "-O";
				SWIFT_VERSION = 5.0;
				TARGETED_DEVICE_FAMILY = "1,2";
			};
			name = Release;
		};
		6BD794D65CB513590F3A7D75 /* Release */ = {
			isa = XCBuildConfiguration;
			baseConfigurationReference = 6000DCD5158BD5D266A3BB99 /* Local.xcconfig */;
			buildSettings = {
				CODE_SIGN_ENTITLEMENTS = Derived/Entitlements/RitualScreenTimeReportExtension.entitlements;
				CODE_SIGN_IDENTITY = "iPhone Developer";
				INFOPLIST_FILE = "Derived/InfoPlists/RitualScreenTimeReportExtension-Info.plist";
				IPHONEOS_DEPLOYMENT_TARGET = 17.0;
				LD_RUNPATH_SEARCH_PATHS = (
					"$(inherited)",
					"@executable_path/Frameworks",
					"@executable_path/../../Frameworks",
				);
				PRODUCT_BUNDLE_IDENTIFIER = "com.ritual.companion.screentime-report";
				PRODUCT_NAME = RitualScreenTimeReportExtension;
				SDKROOT = iphoneos;
				SUPPORTS_MACCATALYST = NO;
				SUPPORTS_MAC_DESIGNED_FOR_IPHONE_IPAD = YES;
				SUPPORTS_XR_DESIGNED_FOR_IPHONE_IPAD = NO;
				SWIFT_COMPILATION_MODE = wholemodule;
				SWIFT_OPTIMIZATION_LEVEL = "-O";
				SWIFT_VERSION = 5.0;
				TARGETED_DEVICE_FAMILY = "1,2";
			};
			name = Release;
		};
		6C7242AF6B182249C723A5A7 /* Debug */ = {
			isa = XCBuildConfiguration;
			baseConfigurationReference = 6000DCD5158BD5D266A3BB99 /* Local.xcconfig */;
			buildSettings = {
				ASSETCATALOG_COMPILER_APPICON_NAME = AppIcon;
				ASSETCATALOG_COMPILER_GLOBAL_ACCENT_COLOR_NAME = AccentColor;
				CODE_SIGN_ENTITLEMENTS = Derived/Entitlements/RitualCompanion.entitlements;
				CODE_SIGN_IDENTITY = "iPhone Developer";
				ENABLE_PREVIEWS = YES;
				INFOPLIST_FILE = "Derived/InfoPlists/RitualCompanion-Info.plist";
				IPHONEOS_DEPLOYMENT_TARGET = 17.0;
				LD_RUNPATH_SEARCH_PATHS = (
					"$(inherited)",
					"@executable_path/Frameworks",
				);
				PRODUCT_BUNDLE_IDENTIFIER = com.ritual.companion;
				PRODUCT_NAME = RitualCompanion;
				SDKROOT = iphoneos;
				SUPPORTS_MACCATALYST = NO;
				SUPPORTS_MAC_DESIGNED_FOR_IPHONE_IPAD = YES;
				SUPPORTS_XR_DESIGNED_FOR_IPHONE_IPAD = NO;
				SWIFT_ACTIVE_COMPILATION_CONDITIONS = (
					"$(inherited)",
					DEBUG,
				);
				SWIFT_COMPILATION_MODE = singlefile;
				SWIFT_OPTIMIZATION_LEVEL = "-Onone";
				SWIFT_VERSION = 5.0;
				TARGETED_DEVICE_FAMILY = "1,2";
			};
			name = Debug;
		};
		6DB869137F5A869B0C12C1E4 /* Release */ = {
			isa = XCBuildConfiguration;
			buildSettings = {
				ALWAYS_SEARCH_USER_PATHS = NO;
				CLANG_ANALYZER_LOCALIZABILITY_NONLOCALIZED = YES;
				CLANG_ANALYZER_NONNULL = YES;
				CLANG_ANALYZER_NUMBER_OBJECT_CONVERSION = YES_AGGRESSIVE;
				CLANG_CXX_LANGUAGE_STANDARD = "gnu++14";
				CLANG_CXX_LIBRARY = "libc++";
				CLANG_ENABLE_MODULES = YES;
				CLANG_ENABLE_OBJC_ARC = YES;
				CLANG_ENABLE_OBJC_WEAK = YES;
				CLANG_WARN_BLOCK_CAPTURE_AUTORELEASING = YES;
				CLANG_WARN_BOOL_CONVERSION = YES;
				CLANG_WARN_COMMA = YES;
				CLANG_WARN_CONSTANT_CONVERSION = YES;
				CLANG_WARN_DEPRECATED_OBJC_IMPLEMENTATIONS = YES;
				CLANG_WARN_DIRECT_OBJC_ISA_USAGE = YES_ERROR;
				CLANG_WARN_DOCUMENTATION_COMMENTS = YES;
				CLANG_WARN_EMPTY_BODY = YES;
				CLANG_WARN_ENUM_CONVERSION = YES;
				CLANG_WARN_INFINITE_RECURSION = YES;
				CLANG_WARN_INT_CONVERSION = YES;
				CLANG_WARN_NON_LITERAL_NULL_CONVERSION = YES;
				CLANG_WARN_OBJC_IMPLICIT_RETAIN_SELF = YES;
				CLANG_WARN_OBJC_LITERAL_CONVERSION = YES;
				CLANG_WARN_OBJC_ROOT_CLASS = YES_ERROR;
				CLANG_WARN_QUOTED_INCLUDE_IN_FRAMEWORK_HEADER = YES;
				CLANG_WARN_RANGE_LOOP_ANALYSIS = YES;
				CLANG_WARN_STRICT_PROTOTYPES = YES;
				CLANG_WARN_SUSPICIOUS_MOVE = YES;
				CLANG_WARN_UNGUARDED_AVAILABILITY = YES_AGGRESSIVE;
				CLANG_WARN_UNREACHABLE_CODE = YES;
				CLANG_WARN__DUPLICATE_METHOD_MATCH = YES;
				COPY_PHASE_STRIP = NO;
				DEAD_CODE_STRIPPING = YES;
				DEBUG_INFORMATION_FORMAT = "dwarf-with-dsym";
				ENABLE_NS_ASSERTIONS = NO;
				ENABLE_STRICT_OBJC_MSGSEND = YES;
				GCC_C_LANGUAGE_STANDARD = gnu11;
				GCC_NO_COMMON_BLOCKS = YES;
				GCC_WARN_64_TO_32_BIT_CONVERSION = YES;
				GCC_WARN_ABOUT_RETURN_TYPE = YES_ERROR;
				GCC_WARN_UNDECLARED_SELECTOR = YES;
				GCC_WARN_UNINITIALIZED_AUTOS = YES_AGGRESSIVE;
				GCC_WARN_UNUSED_FUNCTION = YES;
				GCC_WARN_UNUSED_VARIABLE = YES;
				MTL_ENABLE_DEBUG_INFO = NO;
				PRODUCT_NAME = "$(TARGET_NAME)";
				VALIDATE_PRODUCT = YES;
			};
			name = Release;
		};
		8A260386EC6E25C8C68954A1 /* Debug */ = {
			isa = XCBuildConfiguration;
			buildSettings = {
				CODE_SIGN_IDENTITY = "";
				CURRENT_PROJECT_VERSION = 1;
				DEFINES_MODULE = YES;
				DYLIB_COMPATIBILITY_VERSION = 1;
				DYLIB_CURRENT_VERSION = 1;
				DYLIB_INSTALL_NAME_BASE = "@rpath";
				INFOPLIST_FILE = "Derived/InfoPlists/RitualScreenTimeShared-Info.plist";
				INSTALL_PATH = "$(LOCAL_LIBRARY_DIR)/Frameworks";
				IPHONEOS_DEPLOYMENT_TARGET = 17.0;
				LD_RUNPATH_SEARCH_PATHS = (
					"$(inherited)",
					"@executable_path/Frameworks",
					"@loader_path/Frameworks",
				);
				PRODUCT_BUNDLE_IDENTIFIER = "com.ritual.companion.screentime-shared";
				PRODUCT_NAME = RitualScreenTimeShared;
				SDKROOT = iphoneos;
				SKIP_INSTALL = YES;
				SUPPORTS_MACCATALYST = NO;
				SUPPORTS_MAC_DESIGNED_FOR_IPHONE_IPAD = YES;
				SUPPORTS_XR_DESIGNED_FOR_IPHONE_IPAD = NO;
				SWIFT_ACTIVE_COMPILATION_CONDITIONS = (
					"$(inherited)",
					DEBUG,
				);
				SWIFT_COMPILATION_MODE = singlefile;
				SWIFT_OPTIMIZATION_LEVEL = "-Onone";
				SWIFT_VERSION = 5.0;
				TARGETED_DEVICE_FAMILY = "1,2";
				VERSIONING_SYSTEM = "apple-generic";
				VERSION_INFO_PREFIX = "";
			};
			name = Debug;
		};
		9DE4E8B9C1A39E16B93C08CA /* Release */ = {
			isa = XCBuildConfiguration;
			buildSettings = {
				CODE_SIGN_IDENTITY = "";
				CURRENT_PROJECT_VERSION = 1;
				DEFINES_MODULE = YES;
				DYLIB_COMPATIBILITY_VERSION = 1;
				DYLIB_CURRENT_VERSION = 1;
				DYLIB_INSTALL_NAME_BASE = "@rpath";
				INFOPLIST_FILE = "Derived/InfoPlists/RitualScreenTimeShared-Info.plist";
				INSTALL_PATH = "$(LOCAL_LIBRARY_DIR)/Frameworks";
				IPHONEOS_DEPLOYMENT_TARGET = 17.0;
				LD_RUNPATH_SEARCH_PATHS = (
					"$(inherited)",
					"@executable_path/Frameworks",
					"@loader_path/Frameworks",
				);
				PRODUCT_BUNDLE_IDENTIFIER = "com.ritual.companion.screentime-shared";
				PRODUCT_NAME = RitualScreenTimeShared;
				SDKROOT = iphoneos;
				SKIP_INSTALL = YES;
				SUPPORTS_MACCATALYST = NO;
				SUPPORTS_MAC_DESIGNED_FOR_IPHONE_IPAD = YES;
				SUPPORTS_XR_DESIGNED_FOR_IPHONE_IPAD = NO;
				SWIFT_COMPILATION_MODE = wholemodule;
				SWIFT_OPTIMIZATION_LEVEL = "-O";
				SWIFT_VERSION = 5.0;
				TARGETED_DEVICE_FAMILY = "1,2";
				VERSIONING_SYSTEM = "apple-generic";
				VERSION_INFO_PREFIX = "";
			};
			name = Release;
		};
		A24195B381FFF0BCEBA01353 /* Debug */ = {
			isa = XCBuildConfiguration;
			baseConfigurationReference = 6000DCD5158BD5D266A3BB99 /* Local.xcconfig */;
			buildSettings = {
				CODE_SIGN_ENTITLEMENTS = Derived/Entitlements/RitualScreenTimeReportExtension.entitlements;
				CODE_SIGN_IDENTITY = "iPhone Developer";
				INFOPLIST_FILE = "Derived/InfoPlists/RitualScreenTimeReportExtension-Info.plist";
				IPHONEOS_DEPLOYMENT_TARGET = 17.0;
				LD_RUNPATH_SEARCH_PATHS = (
					"$(inherited)",
					"@executable_path/Frameworks",
					"@executable_path/../../Frameworks",
				);
				PRODUCT_BUNDLE_IDENTIFIER = "com.ritual.companion.screentime-report";
				PRODUCT_NAME = RitualScreenTimeReportExtension;
				SDKROOT = iphoneos;
				SUPPORTS_MACCATALYST = NO;
				SUPPORTS_MAC_DESIGNED_FOR_IPHONE_IPAD = YES;
				SUPPORTS_XR_DESIGNED_FOR_IPHONE_IPAD = NO;
				SWIFT_ACTIVE_COMPILATION_CONDITIONS = (
					"$(inherited)",
					DEBUG,
				);
				SWIFT_COMPILATION_MODE = singlefile;
				SWIFT_OPTIMIZATION_LEVEL = "-Onone";
				SWIFT_VERSION = 5.0;
				TARGETED_DEVICE_FAMILY = "1,2";
			};
			name = Debug;
		};
		FF1560F3A594342F8E05B9BE /* Debug */ = {
			isa = XCBuildConfiguration;
			buildSettings = {
				BUNDLE_LOADER = "$(TEST_HOST)";
				CODE_SIGN_IDENTITY = "iPhone Developer";
				INFOPLIST_FILE = "Derived/InfoPlists/RitualCompanionTests-Info.plist";
				IPHONEOS_DEPLOYMENT_TARGET = 17.0;
				LD_RUNPATH_SEARCH_PATHS = (
					"$(inherited)",
					"@executable_path/Frameworks",
					"@loader_path/Frameworks",
				);
				PRODUCT_BUNDLE_IDENTIFIER = com.ritual.companion.tests;
				PRODUCT_NAME = RitualCompanionTests;
				SDKROOT = iphoneos;
				SUPPORTS_MACCATALYST = NO;
				SUPPORTS_MAC_DESIGNED_FOR_IPHONE_IPAD = YES;
				SUPPORTS_XR_DESIGNED_FOR_IPHONE_IPAD = NO;
				SWIFT_ACTIVE_COMPILATION_CONDITIONS = (
					"$(inherited)",
					DEBUG,
				);
				SWIFT_COMPILATION_MODE = singlefile;
				SWIFT_OPTIMIZATION_LEVEL = "-Onone";
				SWIFT_VERSION = 5.0;
				TARGETED_DEVICE_FAMILY = "1,2";
				TEST_HOST = "$(BUILT_PRODUCTS_DIR)/RitualCompanion.app/$(BUNDLE_EXECUTABLE_FOLDER_PATH)/RitualCompanion";
				TEST_TARGET_NAME = RitualCompanion;
			};
			name = Debug;
		};
/* End XCBuildConfiguration section */

/* Begin XCConfigurationList section */
		3E64E6FECA34BF8417E5B820 /* Build configuration list for PBXNativeTarget "RitualScreenTimeShared" */ = {
			isa = XCConfigurationList;
			buildConfigurations = (
				8A260386EC6E25C8C68954A1 /* Debug */,
				9DE4E8B9C1A39E16B93C08CA /* Release */,
			);
			defaultConfigurationIsVisible = 0;
			defaultConfigurationName = Release;
		};
		42031CF589296F5F91976522 /* Build configuration list for PBXProject "RitualCompanion" */ = {
			isa = XCConfigurationList;
			buildConfigurations = (
				2F479DE4CBD06C2731145CF1 /* Debug */,
				6DB869137F5A869B0C12C1E4 /* Release */,
			);
			defaultConfigurationIsVisible = 0;
			defaultConfigurationName = Release;
		};
		583F8BA58F73EE425F929A15 /* Build configuration list for PBXNativeTarget "RitualScreenTimeReportExtension" */ = {
			isa = XCConfigurationList;
			buildConfigurations = (
				A24195B381FFF0BCEBA01353 /* Debug */,
				6BD794D65CB513590F3A7D75 /* Release */,
			);
			defaultConfigurationIsVisible = 0;
			defaultConfigurationName = Release;
		};
		775B8A78D74CAB9F482AA37C /* Build configuration list for PBXNativeTarget "RitualCompanionTests" */ = {
			isa = XCConfigurationList;
			buildConfigurations = (
				FF1560F3A594342F8E05B9BE /* Debug */,
				2B06FBED401155A4CEABE52B /* Release */,
			);
			defaultConfigurationIsVisible = 0;
			defaultConfigurationName = Release;
		};
		AFB5B13AD3AD5BB135053BDB /* Build configuration list for PBXNativeTarget "RitualCompanion" */ = {
			isa = XCConfigurationList;
			buildConfigurations = (
				6C7242AF6B182249C723A5A7 /* Debug */,
				62CDC313CA8BD94130605434 /* Release */,
			);
			defaultConfigurationIsVisible = 0;
			defaultConfigurationName = Release;
		};
/* End XCConfigurationList section */

/* Begin XCRemoteSwiftPackageReference section */
		C536044F7EE3A3A4496D393D /* XCRemoteSwiftPackageReference "clerk-ios" */ = {
			isa = XCRemoteSwiftPackageReference;
			repositoryURL = "https://github.com/clerk/clerk-ios";
			requirement = {
				kind = upToNextMajorVersion;
				minimumVersion = 0.50.0;
			};
		};
/* End XCRemoteSwiftPackageReference section */

/* Begin XCSwiftPackageProductDependency section */
		86E70812549362DEB89C713C /* Clerk */ = {
			isa = XCSwiftPackageProductDependency;
			productName = Clerk;
		};
/* End XCSwiftPackageProductDependency section */
	};
	rootObject = DE141121784F535662CB10AC /* Project object */;
}
